
Microsoft Visual Studio Solution File, Format Version 12.00
# Visual Studio Version 16
VisualStudioVersion = 16.0.31205.134
MinimumVisualStudioVersion = 10.0.40219.1
Project("{FAE04EC0-301F-11D3-BF4B-00C04F79EFBC}") = "practica0909", "practica0909\practica0909.csproj", "{273DB4AF-FED2-4A78-ACD8-9237599F8595}"
EndProject
Global
	GlobalSection(SolutionConfigurationPlatforms) = preSolution
		Debug|Any CPU = Debug|Any CPU
		Release|Any CPU = Release|Any CPU
	EndGlobalSection
	GlobalSection(ProjectConfigurationPlatforms) = postSolution
		{273DB4AF-FED2-4A78-ACD8-9237599F8595}.Debug|Any CPU.ActiveCfg = Debug|Any CPU
		{273DB4AF-FED2-4A78-ACD8-9237599F8595}.Debug|Any CPU.Build.0 = Debug|Any CPU
		{273DB4AF-FED2-4A78-ACD8-9237599F8595}.Release|Any CPU.ActiveCfg = Release|Any CPU
		{273DB4AF-FED2-4A78-ACD8-9237599F8595}.Release|Any CPU.Build.0 = Release|Any CPU
	EndGlobalSection
	GlobalSection(SolutionProperties) = preSolution
		HideSolutionNode = FALSE
	EndGlobalSection
	GlobalSection(ExtensibilityGlobals) = postSolution
		SolutionGuid = {54316A8E-AB13-4927-BFC2-652DBDBAE33D}
	EndGlobalSection
EndGlobal
